
Microsoft Visual Studio Solution File, Format Version 12.00
# Visual Studio Version 17
VisualStudioVersion = 17.9.34714.143
MinimumVisualStudioVersion = 10.0.40219.1
Project("{FAE04EC0-301F-11D3-BF4B-00C04F79EFBC}") = "Ejercio03", "Ejercio03\Ejercio03.csproj", "{95CBD3EA-4401-4AD3-AEF6-8F0BE2BF3547}"
EndProject
Global
	GlobalSection(SolutionConfigurationPlatforms) = preSolution
		Debug|Any CPU = Debug|Any CPU
		Release|Any CPU = Release|Any CPU
	EndGlobalSection
	GlobalSection(ProjectConfigurationPlatforms) = postSolution
		{95CBD3EA-4401-4AD3-AEF6-8F0BE2BF3547}.Debug|Any CPU.ActiveCfg = Debug|Any CPU
		{95CBD3EA-4401-4AD3-AEF6-8F0BE2BF3547}.Debug|Any CPU.Build.0 = Debug|Any CPU
		{95CBD3EA-4401-4AD3-AEF6-8F0BE2BF3547}.Release|Any CPU.ActiveCfg = Release|Any CPU
		{95CBD3EA-4401-4AD3-AEF6-8F0BE2BF3547}.Release|Any CPU.Build.0 = Release|Any CPU
	EndGlobalSection
	GlobalSection(SolutionProperties) = preSolution
		HideSolutionNode = FALSE
	EndGlobalSection
	GlobalSection(ExtensibilityGlobals) = postSolution
		SolutionGuid = {455BCCE7-90B5-4AE0-89DC-D286D7E984EA}
	EndGlobalSection
EndGlobal
